// !$*UTF8*$!
{
	archiveVersion = 1;
	classes = {
	};
	objectVersion = 50;
	objects = {

/* Begin PBXBuildFile section */
		6AE5263C2201147D00830735 /* AppDelegate.swift in Sources */ = {isa = PBXBuildFile; fileRef = 6AE5263B2201147D00830735 /* AppDelegate.swift */; };
		6AE5263E2201147D00830735 /* ViewController.swift in Sources */ = {isa = PBXBuildFile; fileRef = 6AE5263D2201147D00830735 /* ViewController.swift */; };
		6AE526412201147D00830735 /* Main.storyboard in Resources */ = {isa = PBXBuildFile; fileRef = 6AE5263F2201147D00830735 /* Main.storyboard */; };
		6AE526442201147D00830735 /* TimeDisplay.xcdatamodeld in Sources */ = {isa = PBXBuildFile; fileRef = 6AE526422201147D00830735 /* TimeDisplay.xcdatamodeld */; };
		6AE526462201147E00830735 /* Assets.xcassets in Resources */ = {isa = PBXBuildFile; fileRef = 6AE526452201147E00830735 /* Assets.xcassets */; };
		6AE526492201147E00830735 /* LaunchScreen.storyboard in Resources */ = {isa = PBXBuildFile; fileRef = 6AE526472201147E00830735 /* LaunchScreen.storyboard */; };
		6AE526542201147F00830735 /* TimeDisplayTests.swift in Sources */ = {isa = PBXBuildFile; fileRef = 6AE526532201147F00830735 /* TimeDisplayTests.swift */; };
		6AE5265F2201147F00830735 /* TimeDisplayUITests.swift in Sources */ = {isa = PBXBuildFile; fileRef = 6AE5265E2201147F00830735 /* TimeDisplayUITests.swift */; };
/* End PBXBuildFile section */

/* Begin PBXContainerItemProxy section */
		6AE526502201147F00830735 /* PBXContainerItemProxy */ = {
			isa = PBXContainerItemProxy;
			containerPortal = 6AE526302201147D00830735 /* Project object */;
			proxyType = 1;
			remoteGlobalIDString = 6AE526372201147D00830735;
			remoteInfo = TimeDisplay;
		};
		6AE5265B2201147F00830735 /* PBXContainerItemProxy */ = {
			isa = PBXContainerItemProxy;
			containerPortal = 6AE526302201147D00830735 /* Project object */;
			proxyType = 1;
			remoteGlobalIDString = 6AE526372201147D00830735;
			remoteInfo = TimeDisplay;
		};
/* End PBXContainerItemProxy section */

/* Begin PBXFileReference section */
		6AE526382201147D00830735 /* TimeDisplay.app */ = {isa = PBXFileReference; explicitFileType = wrapper.application; includeInIndex = 0; path = TimeDisplay.app; sourceTree = BUILT_PRODUCTS_DIR; };
		6AE5263B2201147D00830735 /* AppDelegate.swift */ = {isa = PBXFileReference; lastKnownFileType = sourcecode.swift; path = AppDelegate.swift; sourceTree = "<group>"; };
		6AE5263D2201147D00830735 /* ViewController.swift */ = {isa = PBXFileReference; lastKnownFileType = sourcecode.swift; path = ViewController.swift; sourceTree = "<group>"; };
		6AE526402201147D00830735 /* Base */ = {isa = PBXFileReference; lastKnownFileType = file.storyboard; name = Base; path = Base.lproj/Main.storyboard; sourceTree = "<group>"; };
		6AE526432201147D00830735 /* TimeDisplay.xcdatamodel */ = {isa = PBXFileReference; lastKnownFileType = wrapper.xcdatamodel; path = TimeDisplay.xcdatamodel; sourceTree = "<group>"; };
		6AE526452201147E00830735 /* Assets.xcassets */ = {isa = PBXFileReference; lastKnownFileType = folder.assetcatalog; path = Assets.xcassets; sourceTree = "<group>"; };
		6AE526482201147E00830735 /* Base */ = {isa = PBXFileReference; lastKnownFileType = file.storyboard; name = Base; path = Base.lproj/LaunchScreen.storyboard; sourceTree = "<group>"; };
		6AE5264A2201147E00830735 /* Info.plist */ = {isa = PBXFileReference; lastKnownFileType = text.plist.xml; path = Info.plist; sourceTree = "<group>"; };
		6AE5264F2201147F00830735 /* TimeDisplayTests.xctest */ = {isa = PBXFileReference; explicitFileType = wrapper.cfbundle; includeInIndex = 0; path = TimeDisplayTests.xctest; sourceTree = BUILT_PRODUCTS_DIR; };
		6AE526532201147F00830735 /* TimeDisplayTests.swift */ = {isa = PBXFileReference; lastKnownFileType = sourcecode.swift; path = TimeDisplayTests.swift; sourceTree = "<group>"; };
		6AE526552201147F00830735 /* Info.plist */ = {isa = PBXFileReference; lastKnownFileType = text.plist.xml; path = Info.plist; sourceTree = "<group>"; };
		6AE5265A2201147F00830735 /* TimeDisplayUITests.xctest */ = {isa = PBXFileReference; explicitFileType = wrapper.cfbundle; includeInIndex = 0; path = TimeDisplayUITests.xctest; sourceTree = BUILT_PRODUCTS_DIR; };
		6AE5265E2201147F00830735 /* TimeDisplayUITests.swift */ = {isa = PBXFileReference; lastKnownFileType = sourcecode.swift; path = TimeDisplayUITests.swift; sourceTree = "<group>"; };
		6AE526602201147F00830735 /* Info.plist */ = {isa = PBXFileReference; lastKnownFileType = text.plist.xml; path = Info.plist; sourceTree = "<group>"; };
/* End PBXFileReference section */

/* Begin PBXFrameworksBuildPhase section */
		6AE526352201147D00830735 /* Frameworks */ = {
			isa = PBXFrameworksBuildPhase;
			buildActionMask = 2147483647;
			files = (
			);
			runOnlyForDeploymentPostprocessing = 0;
		};
		6AE5264C2201147F00830735 /* Frameworks */ = {
			isa = PBXFrameworksBuildPhase;
			buildActionMask = 2147483647;
			files = (
			);
			runOnlyForDeploymentPostprocessing = 0;
		};
		6AE526572201147F00830735 /* Frameworks */ = {
			isa = PBXFrameworksBuildPhase;
			buildActionMask = 2147483647;
			files = (
			);
			runOnlyForDeploymentPostprocessing = 0;
		};
/* End PBXFrameworksBuildPhase section */

/* Begin PBXGroup section */
		6AE5262F2201147D00830735 = {
			isa = PBXGroup;
			children = (
				6AE5263A2201147D00830735 /* TimeDisplay */,
				6AE526522201147F00830735 /* TimeDisplayTests */,
				6AE5265D2201147F00830735 /* TimeDisplayUITests */,
				6AE526392201147D00830735 /* Products */,
			);
			sourceTree = "<group>";
		};
		6AE526392201147D00830735 /* Products */ = {
			isa = PBXGroup;
			children = (
				6AE526382201147D00830735 /* TimeDisplay.app */,
				6AE5264F2201147F00830735 /* TimeDisplayTests.xctest */,
				6AE5265A2201147F00830735 /* TimeDisplayUITests.xctest */,
			);
			name = Products;
			sourceTree = "<group>";
		};
		6AE5263A2201147D00830735 /* TimeDisplay */ = {
			isa = PBXGroup;
			children = (
				6AE5263B2201147D00830735 /* AppDelegate.swift */,
				6AE5263D2201147D00830735 /* ViewController.swift */,
				6AE5263F2201147D00830735 /* Main.storyboard */,
				6AE526452201147E00830735 /* Assets.xcassets */,
				6AE526472201147E00830735 /* LaunchScreen.storyboard */,
				6AE5264A2201147E00830735 /* Info.plist */,
				6AE526422201147D00830735 /* TimeDisplay.xcdatamodeld */,
			);
			path = TimeDisplay;
			sourceTree = "<group>";
		};
		6AE526522201147F00830735 /* TimeDisplayTests */ = {
			isa = PBXGroup;
			children = (
				6AE526532201147F00830735 /* TimeDisplayTests.swift */,
				6AE526552201147F00830735 /* Info.plist */,
			);
			path = TimeDisplayTests;
			sourceTree = "<group>";
		};
		6AE5265D2201147F00830735 /* TimeDisplayUITests */ = {
			isa = PBXGroup;
			children = (
				6AE5265E2201147F00830735 /* TimeDisplayUITests.swift */,
				6AE526602201147F00830735 /* Info.plist */,
			);
			path = TimeDisplayUITests;
			sourceTree = "<group>";
		};
/* End PBXGroup section */

/* Begin PBXNativeTarget section */
		6AE526372201147D00830735 /* TimeDisplay */ = {
			isa = PBXNativeTarget;
			buildConfigurationList = 6AE526632201147F00830735 /* Build configuration list for PBXNativeTarget "TimeDisplay" */;
			buildPhases = (
				6AE526342201147D00830735 /* Sources */,
				6AE526352201147D00830735 /* Frameworks */,
				6AE526362201147D00830735 /* Resources */,
			);
			buildRules = (
			);
			dependencies = (
			);
			name = TimeDisplay;
			productName = TimeDisplay;
			productReference = 6AE526382201147D00830735 /* TimeDisplay.app */;
			productType = "com.apple.product-type.application";
		};
		6AE5264E2201147F00830735 /* TimeDisplayTests */ = {
			isa = PBXNativeTarget;
			buildConfigurationList = 6AE526662201147F00830735 /* Build configuration list for PBXNativeTarget "TimeDisplayTests" */;
			buildPhases = (
				6AE5264B2201147F00830735 /* Sources */,
				6AE5264C2201147F00830735 /* Frameworks */,
				6AE5264D2201147F00830735 /* Resources */,
			);
			buildRules = (
			);
			dependencies = (
				6AE526512201147F00830735 /* PBXTargetDependency */,
			);
			name = TimeDisplayTests;
			productName = TimeDisplayTests;
			productReference = 6AE5264F2201147F00830735 /* TimeDisplayTests.xctest */;
			productType = "com.apple.product-type.bundle.unit-test";
		};
		6AE526592201147F00830735 /* TimeDisplayUITests */ = {
			isa = PBXNativeTarget;
			buildConfigurationList = 6AE526692201147F00830735 /* Build configuration list for PBXNativeTarget "TimeDisplayUITests" */;
			buildPhases = (
				6AE526562201147F00830735 /* Sources */,
				6AE526572201147F00830735 /* Frameworks */,
				6AE526582201147F00830735 /* Resources */,
			);
			buildRules = (
			);
			dependencies = (
				6AE5265C2201147F00830735 /* PBXTargetDependency */,
			);
			name = TimeDisplayUITests;
			productName = TimeDisplayUITests;
			productReference = 6AE5265A2201147F00830735 /* TimeDisplayUITests.xctest */;
			productType = "com.apple.product-type.bundle.ui-testing";
		};
/* End PBXNativeTarget section */

/* Begin PBXProject section */
		6AE526302201147D00830735 /* Project object */ = {
			isa = PBXProject;
			attributes = {
				LastSwiftUpdateCheck = 1010;
				LastUpgradeCheck = 1010;
				ORGANIZATIONNAME = "Nolan Fuchs";
				TargetAttributes = {
					6AE526372201147D00830735 = {
						CreatedOnToolsVersion = 10.1;
					};
					6AE5264E2201147F00830735 = {
						CreatedOnToolsVersion = 10.1;
						TestTargetID = 6AE526372201147D00830735;
					};
					6AE526592201147F00830735 = {
						CreatedOnToolsVersion = 10.1;
						TestTargetID = 6AE526372201147D00830735;
					};
				};
			};
			buildConfigurationList = 6AE526332201147D00830735 /* Build configuration list for PBXProject "TimeDisplay" */;
			compatibilityVersion = "Xcode 9.3";
			developmentRegion = en;
			hasScannedForEncodings = 0;
			knownRegions = (
				en,
				Base,
			);
			mainGroup = 6AE5262F2201147D00830735;
			productRefGroup = 6AE526392201147D00830735 /* Products */;
			projectDirPath = "";
			projectRoot = "";
			targets = (
				6AE526372201147D00830735 /* TimeDisplay */,
				6AE5264E2201147F00830735 /* TimeDisplayTests */,
				6AE526592201147F00830735 /* TimeDisplayUITests */,
			);
		};
/* End PBXProject section */

/* Begin PBXResourcesBuildPhase section */
		6AE526362201147D00830735 /* Resources */ = {
			isa = PBXResourcesBuildPhase;
			buildActionMask = 2147483647;
			files = (
				6AE526492201147E00830735 /* LaunchScreen.storyboard in Resources */,
				6AE526462201147E00830735 /* Assets.xcassets in Resources */,
				6AE526412201147D00830735 /* Main.storyboard in Resources */,
			);
			runOnlyForDeploymentPostprocessing = 0;
		};
		6AE5264D2201147F00830735 /* Resources */ = {
			isa = PBXResourcesBuildPhase;
			buildActionMask = 2147483647;
			files = (
			);
			runOnlyForDeploymentPostprocessing = 0;
		};
		6AE526582201147F00830735 /* Resources */ = {
			isa = PBXResourcesBuildPhase;
			buildActionMask = 2147483647;
			files = (
			);
			runOnlyForDeploymentPostprocessing = 0;
		};
/* End PBXResourcesBuildPhase section */

/* Begin PBXSourcesBuildPhase section */
		6AE526342201147D00830735 /* Sources */ = {
			isa = PBXSourcesBuildPhase;
			buildActionMask = 2147483647;
			files = (
				6AE5263E2201147D00830735 /* ViewController.swift in Sources */,
				6AE526442201147D00830735 /* TimeDisplay.xcdatamodeld in Sources */,
				6AE5263C2201147D00830735 /* AppDelegate.swift in Sources */,
			);
			runOnlyForDeploymentPostprocessing = 0;
		};
		6AE5264B2201147F00830735 /* Sources */ = {
			isa = PBXSourcesBuildPhase;
			buildActionMask = 2147483647;
			files = (
				6AE526542201147F00830735 /* TimeDisplayTests.swift in Sources */,
			);
			runOnlyForDeploymentPostprocessing = 0;
		};
		6AE526562201147F00830735 /* Sources */ = {
			isa = PBXSourcesBuildPhase;
			buildActionMask = 2147483647;
			files = (
				6AE5265F2201147F00830735 /* TimeDisplayUITests.swift in Sources */,
			);
			runOnlyForDeploymentPostprocessing = 0;
		};
/* End PBXSourcesBuildPhase section */

/* Begin PBXTargetDependency section */
		6AE526512201147F00830735 /* PBXTargetDependency */ = {
			isa = PBXTargetDependency;
			target = 6AE526372201147D00830735 /* TimeDisplay */;
			targetProxy = 6AE526502201147F00830735 /* PBXContainerItemProxy */;
		};
		6AE5265C2201147F00830735 /* PBXTargetDependency */ = {
			isa = PBXTargetDependency;
			target = 6AE526372201147D00830735 /* TimeDisplay */;
			targetProxy = 6AE5265B2201147F00830735 /* PBXContainerItemProxy */;
		};
/* End PBXTargetDependency section */

/* Begin PBXVariantGroup section */
		6AE5263F2201147D00830735 /* Main.storyboard */ = {
			isa = PBXVariantGroup;
			children = (
				6AE526402201147D00830735 /* Base */,
			);
			name = Main.storyboard;
			sourceTree = "<group>";
		};
		6AE526472201147E00830735 /* LaunchScreen.storyboard */ = {
			isa = PBXVariantGroup;
			children = (
				6AE526482201147E00830735 /* Base */,
			);
			name = LaunchScreen.storyboard;
			sourceTree = "<group>";
		};
/* End PBXVariantGroup section */

/* Begin XCBuildConfiguration section */
		6AE526612201147F00830735 /* Debug */ = {
			isa = XCBuildConfiguration;
			buildSettings = {
				ALWAYS_SEARCH_USER_PATHS = NO;
				CLANG_ANALYZER_NONNULL = YES;
				CLANG_ANALYZER_NUMBER_OBJECT_CONVERSION = YES_AGGRESSIVE;
				CLANG_CXX_LANGUAGE_STANDARD = "gnu++14";
				CLANG_CXX_LIBRARY = "libc++";
				CLANG_ENABLE_MODULES = YES;
				CLANG_ENABLE_OBJC_ARC = YES;
				CLANG_ENABLE_OBJC_WEAK = YES;
				CLANG_WARN_BLOCK_CAPTURE_AUTORELEASING = YES;
				CLANG_WARN_BOOL_CONVERSION = YES;
				CLANG_WARN_COMMA = YES;
				CLANG_WARN_CONSTANT_CONVERSION = YES;
				CLANG_WARN_DEPRECATED_OBJC_IMPLEMENTATIONS = YES;
				CLANG_WARN_DIRECT_OBJC_ISA_USAGE = YES_ERROR;
				CLANG_WARN_DOCUMENTATION_COMMENTS = YES;
				CLANG_WARN_EMPTY_BODY = YES;
				CLANG_WARN_ENUM_CONVERSION = YES;
				CLANG_WARN_INFINITE_RECURSION = YES;
				CLANG_WARN_INT_CONVERSION = YES;
				CLANG_WARN_NON_LITERAL_NULL_CONVERSION = YES;
				CLANG_WARN_OBJC_IMPLICIT_RETAIN_SELF = YES;
				CLANG_WARN_OBJC_LITERAL_CONVERSION = YES;
				CLANG_WARN_OBJC_ROOT_CLASS = YES_ERROR;
				CLANG_WARN_RANGE_LOOP_ANALYSIS = YES;
				CLANG_WARN_STRICT_PROTOTYPES = YES;
				CLANG_WARN_SUSPICIOUS_MOVE = YES;
				CLANG_WARN_UNGUARDED_AVAILABILITY = YES_AGGRESSIVE;
				CLANG_WARN_UNREACHABLE_CODE = YES;
				CLANG_WARN__DUPLICATE_METHOD_MATCH = YES;
				CODE_SIGN_IDENTITY = "iPhone Developer";
				COPY_PHASE_STRIP = NO;
				DEBUG_INFORMATION_FORMAT = dwarf;
				ENABLE_STRICT_OBJC_MSGSEND = YES;
				ENABLE_TESTABILITY = YES;
				GCC_C_LANGUAGE_STANDARD = gnu11;
				GCC_DYNAMIC_NO_PIC = NO;
				GCC_NO_COMMON_BLOCKS = YES;
				GCC_OPTIMIZATION_LEVEL = 0;
				GCC_PREPROCESSOR_DEFINITIONS = (
					"DEBUG=1",
					"$(inherited)",
				);
				GCC_WARN_64_TO_32_BIT_CONVERSION = YES;
				GCC_WARN_ABOUT_RETURN_TYPE = YES_ERROR;
				GCC_WARN_UNDECLARED_SELECTOR = YES;
				GCC_WARN_UNINITIALIZED_AUTOS = YES_AGGRESSIVE;
				GCC_WARN_UNUSED_FUNCTION = YES;
				GCC_WARN_UNUSED_VARIABLE = YES;
				IPHONEOS_DEPLOYMENT_TARGET = 12.1;
				MTL_ENABLE_DEBUG_INFO = INCLUDE_SOURCE;
				MTL_FAST_MATH = YES;
				ONLY_ACTIVE_ARCH = YES;
				SDKROOT = iphoneos;
				SWIFT_ACTIVE_COMPILATION_CONDITIONS = DEBUG;
				SWIFT_OPTIMIZATION_LEVEL = "-Onone";
			};
			name = Debug;
		};
		6AE526622201147F00830735 /* Release */ = {
			isa = XCBuildConfiguration;
			buildSettings = {
				ALWAYS_SEARCH_USER_PATHS = NO;
				CLANG_ANALYZER_NONNULL = YES;
				CLANG_ANALYZER_NUMBER_OBJECT_CONVERSION = YES_AGGRESSIVE;
				CLANG_CXX_LANGUAGE_STANDARD = "gnu++14";
				CLANG_CXX_LIBRARY = "libc++";
				CLANG_ENABLE_MODULES = YES;
				CLANG_ENABLE_OBJC_ARC = YES;
				CLANG_ENABLE_OBJC_WEAK = YES;
				CLANG_WARN_BLOCK_CAPTURE_AUTORELEASING = YES;
				CLANG_WARN_BOOL_CONVERSION = YES;
				CLANG_WARN_COMMA = YES;
				CLANG_WARN_CONSTANT_CONVERSION = YES;
				CLANG_WARN_DEPRECATED_OBJC_IMPLEMENTATIONS = YES;
				CLANG_WARN_DIRECT_OBJC_ISA_USAGE = YES_ERROR;
				CLANG_WARN_DOCUMENTATION_COMMENTS = YES;
				CLANG_WARN_EMPTY_BODY = YES;
				CLANG_WARN_ENUM_CONVERSION = YES;
				CLANG_WARN_INFINITE_RECURSION = YES;
				CLANG_WARN_INT_CONVERSION = YES;
				CLANG_WARN_NON_LITERAL_NULL_CONVERSION = YES;
				CLANG_WARN_OBJC_IMPLICIT_RETAIN_SELF = YES;
				CLANG_WARN_OBJC_LITERAL_CONVERSION = YES;
				CLANG_WARN_OBJC_ROOT_CLASS = YES_ERROR;
				CLANG_WARN_RANGE_LOOP_ANALYSIS = YES;
				CLANG_WARN_STRICT_PROTOTYPES = YES;
				CLANG_WARN_SUSPICIOUS_MOVE = YES;
				CLANG_WARN_UNGUARDED_AVAILABILITY = YES_AGGRESSIVE;
				CLANG_WARN_UNREACHABLE_CODE = YES;
				CLANG_WARN__DUPLICATE_METHOD_MATCH = YES;
				CODE_SIGN_IDENTITY = "iPhone Developer";
				COPY_PHASE_STRIP = NO;
				DEBUG_INFORMATION_FORMAT = "dwarf-with-dsym";
				ENABLE_NS_ASSERTIONS = NO;
				ENABLE_STRICT_OBJC_MSGSEND = YES;
				GCC_C_LANGUAGE_STANDARD = gnu11;
				GCC_NO_COMMON_BLOCKS = YES;
				GCC_WARN_64_TO_32_BIT_CONVERSION = YES;
				GCC_WARN_ABOUT_RETURN_TYPE = YES_ERROR;
				GCC_WARN_UNDECLARED_SELECTOR = YES;
				GCC_WARN_UNINITIALIZED_AUTOS = YES_AGGRESSIVE;
				GCC_WARN_UNUSED_FUNCTION = YES;
				GCC_WARN_UNUSED_VARIABLE = YES;
				IPHONEOS_DEPLOYMENT_TARGET = 12.1;
				MTL_ENABLE_DEBUG_INFO = NO;
				MTL_FAST_MATH = YES;
				SDKROOT = iphoneos;
				SWIFT_COMPILATION_MODE = wholemodule;
				SWIFT_OPTIMIZATION_LEVEL = "-O";
				VALIDATE_PRODUCT = YES;
			};
			name = Release;
		};
		6AE526642201147F00830735 /* Debug */ = {
			isa = XCBuildConfiguration;
			buildSettings = {
				ASSETCATALOG_COMPILER_APPICON_NAME = AppIcon;
				CODE_SIGN_STYLE = Automatic;
				DEVELOPMENT_TEAM = J9S8P7XX49;
				INFOPLIST_FILE = TimeDisplay/Info.plist;
				LD_RUNPATH_SEARCH_PATHS = (
					"$(inherited)",
					"@executable_path/Frameworks",
				);
				PRODUCT_BUNDLE_IDENTIFIER = com.NolanFuchs.TimeDisplay;
				PRODUCT_NAME = "$(TARGET_NAME)";
				SWIFT_VERSION = 4.2;
				TARGETED_DEVICE_FAMILY = "1,2";
			};
			name = Debug;
		};
		6AE526652201147F00830735 /* Release */ = {
			isa = XCBuildConfiguration;
			buildSettings = {
				ASSETCATALOG_COMPILER_APPICON_NAME = AppIcon;
				CODE_SIGN_STYLE = Automatic;
				DEVELOPMENT_TEAM = J9S8P7XX49;
				INFOPLIST_FILE = TimeDisplay/Info.plist;
				LD_RUNPATH_SEARCH_PATHS = (
					"$(inherited)",
					"@executable_path/Frameworks",
				);
				PRODUCT_BUNDLE_IDENTIFIER = com.NolanFuchs.TimeDisplay;
				PRODUCT_NAME = "$(TARGET_NAME)";
				SWIFT_VERSION = 4.2;
				TARGETED_DEVICE_FAMILY = "1,2";
			};
			name = Release;
		};
		6AE526672201147F00830735 /* Debug */ = {
			isa = XCBuildConfiguration;
			buildSettings = {
				ALWAYS_EMBED_SWIFT_STANDARD_LIBRARIES = YES;
				BUNDLE_LOADER = "$(TEST_HOST)";
				CODE_SIGN_STYLE = Automatic;
				DEVELOPMENT_TEAM = J9S8P7XX49;
				INFOPLIST_FILE = TimeDisplayTests/Info.plist;
				LD_RUNPATH_SEARCH_PATHS = (
					"$(inherited)",
					"@executable_path/Frameworks",
					"@loader_path/Frameworks",
				);
				PRODUCT_BUNDLE_IDENTIFIER = com.NolanFuchs.TimeDisplayTests;
				PRODUCT_NAME = "$(TARGET_NAME)";
				SWIFT_VERSION = 4.2;
				TARGETED_DEVICE_FAMILY = "1,2";
				TEST_HOST = "$(BUILT_PRODUCTS_DIR)/TimeDisplay.app/TimeDisplay";
			};
			name = Debug;
		};
		6AE526682201147F00830735 /* Release */ = {
			isa = XCBuildConfiguration;
			buildSettings = {
				ALWAYS_EMBED_SWIFT_STANDARD_LIBRARIES = YES;
				BUNDLE_LOADER = "$(TEST_HOST)";
				CODE_SIGN_STYLE = Automatic;
				DEVELOPMENT_TEAM = J9S8P7XX49;
				INFOPLIST_FILE = TimeDisplayTests/Info.plist;
				LD_RUNPATH_SEARCH_PATHS = (
					"$(inherited)",
					"@executable_path/Frameworks",
					"@loader_path/Frameworks",
				);
				PRODUCT_BUNDLE_IDENTIFIER = com.NolanFuchs.TimeDisplayTests;
				PRODUCT_NAME = "$(TARGET_NAME)";
				SWIFT_VERSION = 4.2;
				TARGETED_DEVICE_FAMILY = "1,2";
				TEST_HOST = "$(BUILT_PRODUCTS_DIR)/TimeDisplay.app/TimeDisplay";
			};
			name = Release;
		};
		6AE5266A2201147F00830735 /* Debug */ = {
			isa = XCBuildConfiguration;
			buildSettings = {
				ALWAYS_EMBED_SWIFT_STANDARD_LIBRARIES = YES;
				CODE_SIGN_STYLE = Automatic;
				DEVELOPMENT_TEAM = J9S8P7XX49;
				INFOPLIST_FILE = TimeDisplayUITests/Info.plist;
				LD_RUNPATH_SEARCH_PATHS = (
					"$(inherited)",
					"@executable_path/Frameworks",
					"@loader_path/Frameworks",
				);
				PRODUCT_BUNDLE_IDENTIFIER = com.NolanFuchs.TimeDisplayUITests;
				PRODUCT_NAME = "$(TARGET_NAME)";
				SWIFT_VERSION = 4.2;
				TARGETED_DEVICE_FAMILY = "1,2";
				TEST_TARGET_NAME = TimeDisplay;
			};
			name = Debug;
		};
		6AE5266B2201147F00830735 /* Release */ = {
			isa = XCBuildConfiguration;
			buildSettings = {
				ALWAYS_EMBED_SWIFT_STANDARD_LIBRARIES = YES;
				CODE_SIGN_STYLE = Automatic;
				DEVELOPMENT_TEAM = J9S8P7XX49;
				INFOPLIST_FILE = TimeDisplayUITests/Info.plist;
				LD_RUNPATH_SEARCH_PATHS = (
					"$(inherited)",
					"@executable_path/Frameworks",
					"@loader_path/Frameworks",
				);
				PRODUCT_BUNDLE_IDENTIFIER = com.NolanFuchs.TimeDisplayUITests;
				PRODUCT_NAME = "$(TARGET_NAME)";
				SWIFT_VERSION = 4.2;
				TARGETED_DEVICE_FAMILY = "1,2";
				TEST_TARGET_NAME = TimeDisplay;
			};
			name = Release;
		};
/* End XCBuildConfiguration section */

/* Begin XCConfigurationList section */
		6AE526332201147D00830735 /* Build configuration list for PBXProject "TimeDisplay" */ = {
			isa = XCConfigurationList;
			buildConfigurations = (
				6AE526612201147F00830735 /* Debug */,
				6AE526622201147F00830735 /* Release */,
			);
			defaultConfigurationIsVisible = 0;
			defaultConfigurationName = Release;
		};
		6AE526632201147F00830735 /* Build configuration list for PBXNativeTarget "TimeDisplay" */ = {
			isa = XCConfigurationList;
			buildConfigurations = (
				6AE526642201147F00830735 /* Debug */,
				6AE526652201147F00830735 /* Release */,
			);
			defaultConfigurationIsVisible = 0;
			defaultConfigurationName = Release;
		};
		6AE526662201147F00830735 /* Build configuration list for PBXNativeTarget "TimeDisplayTests" */ = {
			isa = XCConfigurationList;
			buildConfigurations = (
				6AE526672201147F00830735 /* Debug */,
				6AE526682201147F00830735 /* Release */,
			);
			defaultConfigurationIsVisible = 0;
			defaultConfigurationName = Release;
		};
		6AE526692201147F00830735 /* Build configuration list for PBXNativeTarget "TimeDisplayUITests" */ = {
			isa = XCConfigurationList;
			buildConfigurations = (
				6AE5266A2201147F00830735 /* Debug */,
				6AE5266B2201147F00830735 /* Release */,
			);
			defaultConfigurationIsVisible = 0;
			defaultConfigurationName = Release;
		};
/* End XCConfigurationList section */

/* Begin XCVersionGroup section */
		6AE526422201147D00830735 /* TimeDisplay.xcdatamodeld */ = {
			isa = XCVersionGroup;
			children = (
				6AE526432201147D00830735 /* TimeDisplay.xcdatamodel */,
			);
			currentVersion = 6AE526432201147D00830735 /* TimeDisplay.xcdatamodel */;
			path = TimeDisplay.xcdatamodeld;
			sourceTree = "<group>";
			versionGroupType = wrapper.xcdatamodel;
		};
/* End XCVersionGroup section */
	};
	rootObject = 6AE526302201147D00830735 /* Project object */;
}
